// !$*UTF8*$!
{
	archiveVersion = 1;
	classes = {
	};
	objectVersion = 46;
	objects = {

/* Begin PBXBuildFile section */
		821BB292164A720500C3F1A6 /* EMKRONConstants.m in Sources */ = {isa = PBXBuildFile; fileRef = 82C3446C1647D63000268992 /* EMKRONConstants.m */; };
		82B14FA1165A30BD00C7365F /* RON test corpus in Resources */ = {isa = PBXBuildFile; fileRef = 82B14FA0165A30BD00C7365F /* RON test corpus */; };
		82C3446D1647D63000268992 /* EMKRONConstants.m in Sources */ = {isa = PBXBuildFile; fileRef = 82C3446C1647D63000268992 /* EMKRONConstants.m */; };
		B5228397152F32420025AB02 /* Foundation.framework in Frameworks */ = {isa = PBXBuildFile; fileRef = B5228396152F32420025AB02 /* Foundation.framework */; };
		B5534C0A15987D59005A3DB2 /* EMKToken.m in Sources */ = {isa = PBXBuildFile; fileRef = B5FF63FA159629A900FAC317 /* EMKToken.m */; };
		B5534C0B15987D59005A3DB2 /* EMKUTF8StreamScanner.m in Sources */ = {isa = PBXBuildFile; fileRef = B57DC6D91596574700CA0150 /* EMKUTF8StreamScanner.m */; };
		B56C0BC11594A268002AB0C3 /* EMKRONStreamParser.m in Sources */ = {isa = PBXBuildFile; fileRef = B56C0BC01594A268002AB0C3 /* EMKRONStreamParser.m */; };
		B56C0BC51594A2BC002AB0C3 /* EMKRONStreamWriter.m in Sources */ = {isa = PBXBuildFile; fileRef = B56C0BC41594A2BC002AB0C3 /* EMKRONStreamWriter.m */; };
		B56C0BCA1594A622002AB0C3 /* EMKRONStreamParser.m in Sources */ = {isa = PBXBuildFile; fileRef = B56C0BC01594A268002AB0C3 /* EMKRONStreamParser.m */; };
		B56C0BCB1594A622002AB0C3 /* EMKRONStreamWriter.m in Sources */ = {isa = PBXBuildFile; fileRef = B56C0BC41594A2BC002AB0C3 /* EMKRONStreamWriter.m */; };
		B57DC6DA1596574700CA0150 /* EMKUTF8StreamScanner.m in Sources */ = {isa = PBXBuildFile; fileRef = B57DC6D91596574700CA0150 /* EMKUTF8StreamScanner.m */; };
		B582B59415342E0800E255B0 /* SenTestingKit.framework in Frameworks */ = {isa = PBXBuildFile; fileRef = B582B59315342E0800E255B0 /* SenTestingKit.framework */; };
		B582B5A015342E0800E255B0 /* InfoPlist.strings in Resources */ = {isa = PBXBuildFile; fileRef = B582B59E15342E0800E255B0 /* InfoPlist.strings */; };
		B582B5A315342E0800E255B0 /* RONTest.m in Sources */ = {isa = PBXBuildFile; fileRef = B582B5A215342E0800E255B0 /* RONTest.m */; };
		B582B5AE15342EB200E255B0 /* EMKRONSerialization.m in Sources */ = {isa = PBXBuildFile; fileRef = B582B5AB15342EB200E255B0 /* EMKRONSerialization.m */; };
		B582B5AF15342EB200E255B0 /* main.m in Sources */ = {isa = PBXBuildFile; fileRef = B582B5AD15342EB200E255B0 /* main.m */; };
		B582B5B015342F6C00E255B0 /* Foundation.framework in Frameworks */ = {isa = PBXBuildFile; fileRef = B5228396152F32420025AB02 /* Foundation.framework */; };
		B582B5B115342FD000E255B0 /* EMKRONSerialization.m in Sources */ = {isa = PBXBuildFile; fileRef = B582B5AB15342EB200E255B0 /* EMKRONSerialization.m */; };
		B5BDE1FE15A85677009F5C99 /* EMKUTF8StreamScanner+RONTokenizer.m in Sources */ = {isa = PBXBuildFile; fileRef = B5BDE1FD15A85677009F5C99 /* EMKUTF8StreamScanner+RONTokenizer.m */; };
		B5BDE1FF15A85677009F5C99 /* EMKUTF8StreamScanner+RONTokenizer.m in Sources */ = {isa = PBXBuildFile; fileRef = B5BDE1FD15A85677009F5C99 /* EMKUTF8StreamScanner+RONTokenizer.m */; };
		B5E166D115A59884006E6A1C /* EMKUTF8StreamScannerTest.m in Sources */ = {isa = PBXBuildFile; fileRef = B5E166D015A59884006E6A1C /* EMKUTF8StreamScannerTest.m */; };
		B5FF63FB159629A900FAC317 /* EMKToken.m in Sources */ = {isa = PBXBuildFile; fileRef = B5FF63FA159629A900FAC317 /* EMKToken.m */; };
/* End PBXBuildFile section */

/* Begin PBXCopyFilesBuildPhase section */
		B5228390152F32420025AB02 /* CopyFiles */ = {
			isa = PBXCopyFilesBuildPhase;
			buildActionMask = 2147483647;
			dstPath = /usr/share/man/man1/;
			dstSubfolderSpec = 0;
			files = (
			);
			runOnlyForDeploymentPostprocessing = 1;
		};
/* End PBXCopyFilesBuildPhase section */

/* Begin PBXFileReference section */
		82B14FA0165A30BD00C7365F /* RON test corpus */ = {isa = PBXFileReference; lastKnownFileType = folder; path = "RON test corpus"; sourceTree = "<group>"; };
		82C344671647BF7E00268992 /* EMKRONTokensAndTypes.h */ = {isa = PBXFileReference; fileEncoding = 4; lastKnownFileType = sourcecode.c.h; path = EMKRONTokensAndTypes.h; sourceTree = "<group>"; };
		82C3446C1647D63000268992 /* EMKRONConstants.m */ = {isa = PBXFileReference; fileEncoding = 4; lastKnownFileType = sourcecode.c.objc; path = EMKRONConstants.m; sourceTree = "<group>"; };
		B5228392152F32420025AB02 /* RON */ = {isa = PBXFileReference; explicitFileType = "compiled.mach-o.executable"; includeInIndex = 0; path = RON; sourceTree = BUILT_PRODUCTS_DIR; };
		B5228396152F32420025AB02 /* Foundation.framework */ = {isa = PBXFileReference; lastKnownFileType = wrapper.framework; name = Foundation.framework; path = System/Library/Frameworks/Foundation.framework; sourceTree = SDKROOT; };
		B56C0BBF1594A268002AB0C3 /* EMKRONStreamParser.h */ = {isa = PBXFileReference; fileEncoding = 4; lastKnownFileType = sourcecode.c.h; path = EMKRONStreamParser.h; sourceTree = "<group>"; };
		B56C0BC01594A268002AB0C3 /* EMKRONStreamParser.m */ = {isa = PBXFileReference; fileEncoding = 4; lastKnownFileType = sourcecode.c.objc; path = EMKRONStreamParser.m; sourceTree = "<group>"; };
		B56C0BC31594A2BC002AB0C3 /* EMKRONStreamWriter.h */ = {isa = PBXFileReference; fileEncoding = 4; lastKnownFileType = sourcecode.c.h; path = EMKRONStreamWriter.h; sourceTree = "<group>"; };
		B56C0BC41594A2BC002AB0C3 /* EMKRONStreamWriter.m */ = {isa = PBXFileReference; fileEncoding = 4; lastKnownFileType = sourcecode.c.objc; path = EMKRONStreamWriter.m; sourceTree = "<group>"; };
		B56C0BC91594A40A002AB0C3 /* EMKRONConstants.h */ = {isa = PBXFileReference; lastKnownFileType = sourcecode.c.h; path = EMKRONConstants.h; sourceTree = "<group>"; };
		B57DC6D81596574700CA0150 /* EMKUTF8StreamScanner.h */ = {isa = PBXFileReference; fileEncoding = 4; lastKnownFileType = sourcecode.c.h; path = EMKUTF8StreamScanner.h; sourceTree = "<group>"; };
		B57DC6D91596574700CA0150 /* EMKUTF8StreamScanner.m */ = {isa = PBXFileReference; fileEncoding = 4; lastKnownFileType = sourcecode.c.objc; path = EMKUTF8StreamScanner.m; sourceTree = "<group>"; };
		B582B59215342E0800E255B0 /* RONTest.octest */ = {isa = PBXFileReference; explicitFileType = wrapper.cfbundle; includeInIndex = 0; path = RONTest.octest; sourceTree = BUILT_PRODUCTS_DIR; };
		B582B59315342E0800E255B0 /* SenTestingKit.framework */ = {isa = PBXFileReference; lastKnownFileType = wrapper.framework; name = SenTestingKit.framework; path = Library/Frameworks/SenTestingKit.framework; sourceTree = DEVELOPER_DIR; };
		B582B59D15342E0800E255B0 /* RONTest-Info.plist */ = {isa = PBXFileReference; lastKnownFileType = text.plist.xml; path = "RONTest-Info.plist"; sourceTree = "<group>"; };
		B582B59F15342E0800E255B0 /* en */ = {isa = PBXFileReference; lastKnownFileType = text.plist.strings; name = en; path = en.lproj/InfoPlist.strings; sourceTree = "<group>"; };
		B582B5A115342E0800E255B0 /* RONTest.h */ = {isa = PBXFileReference; lastKnownFileType = sourcecode.c.h; path = RONTest.h; sourceTree = "<group>"; };
		B582B5A215342E0800E255B0 /* RONTest.m */ = {isa = PBXFileReference; lastKnownFileType = sourcecode.c.objc; path = RONTest.m; sourceTree = "<group>"; };
		B582B5A415342E0800E255B0 /* RONTest-Prefix.pch */ = {isa = PBXFileReference; lastKnownFileType = sourcecode.c.h; path = "RONTest-Prefix.pch"; sourceTree = "<group>"; };
		B582B5AA15342EB200E255B0 /* EMKRONSerialization.h */ = {isa = PBXFileReference; fileEncoding = 4; lastKnownFileType = sourcecode.c.h; path = EMKRONSerialization.h; sourceTree = "<group>"; };
		B582B5AB15342EB200E255B0 /* EMKRONSerialization.m */ = {isa = PBXFileReference; fileEncoding = 4; lastKnownFileType = sourcecode.c.objc; path = EMKRONSerialization.m; sourceTree = "<group>"; };
		B582B5AD15342EB200E255B0 /* main.m */ = {isa = PBXFileReference; fileEncoding = 4; lastKnownFileType = sourcecode.c.objc; path = main.m; sourceTree = "<group>"; };
		B582B5B215342FFC00E255B0 /* readme */ = {isa = PBXFileReference; lastKnownFileType = text; path = readme; sourceTree = "<group>"; };
		B582B5B315342FFC00E255B0 /* Grammar.txt */ = {isa = PBXFileReference; lastKnownFileType = text; path = Grammar.txt; sourceTree = "<group>"; };
		B582B5B415342FFD00E255B0 /* license.txt */ = {isa = PBXFileReference; lastKnownFileType = text; path = license.txt; sourceTree = "<group>"; };
		B582B5B51534301800E255B0 /* JSON test corpus */ = {isa = PBXFileReference; lastKnownFileType = folder; path = "JSON test corpus"; sourceTree = "<group>"; };
		B584F61E15556FB800BD0198 /* Foundation.framework */ = {isa = PBXFileReference; lastKnownFileType = wrapper.framework; name = Foundation.framework; path = System/Library/Frameworks/Foundation.framework; sourceTree = SDKROOT; };
		B5BDE1FC15A85677009F5C99 /* EMKUTF8StreamScanner+RONTokenizer.h */ = {isa = PBXFileReference; fileEncoding = 4; lastKnownFileType = sourcecode.c.h; path = "EMKUTF8StreamScanner+RONTokenizer.h"; sourceTree = "<group>"; };
		B5BDE1FD15A85677009F5C99 /* EMKUTF8StreamScanner+RONTokenizer.m */ = {isa = PBXFileReference; fileEncoding = 4; lastKnownFileType = sourcecode.c.objc; path = "EMKUTF8StreamScanner+RONTokenizer.m"; sourceTree = "<group>"; };
		B5CF0CAC1542D641003491D6 /* TODO.txt */ = {isa = PBXFileReference; lastKnownFileType = text; path = TODO.txt; sourceTree = "<group>"; };
		B5E166CF15A59884006E6A1C /* EMKUTF8StreamScannerTest.h */ = {isa = PBXFileReference; fileEncoding = 4; lastKnownFileType = sourcecode.c.h; path = EMKUTF8StreamScannerTest.h; sourceTree = "<group>"; };
		B5E166D015A59884006E6A1C /* EMKUTF8StreamScannerTest.m */ = {isa = PBXFileReference; fileEncoding = 4; lastKnownFileType = sourcecode.c.objc; path = EMKUTF8StreamScannerTest.m; sourceTree = "<group>"; };
		B5FF63F9159629A900FAC317 /* EMKToken.h */ = {isa = PBXFileReference; fileEncoding = 4; lastKnownFileType = sourcecode.c.h; path = EMKToken.h; sourceTree = "<group>"; };
		B5FF63FA159629A900FAC317 /* EMKToken.m */ = {isa = PBXFileReference; fileEncoding = 4; lastKnownFileType = sourcecode.c.objc; path = EMKToken.m; sourceTree = "<group>"; };
/* End PBXFileReference section */

/* Begin PBXFrameworksBuildPhase section */
		B522838F152F32420025AB02 /* Frameworks */ = {
			isa = PBXFrameworksBuildPhase;
			buildActionMask = 2147483647;
			files = (
				B5228397152F32420025AB02 /* Foundation.framework in Frameworks */,
			);
			runOnlyForDeploymentPostprocessing = 0;
		};
		B582B58E15342E0800E255B0 /* Frameworks */ = {
			isa = PBXFrameworksBuildPhase;
			buildActionMask = 2147483647;
			files = (
				B582B5B015342F6C00E255B0 /* Foundation.framework in Frameworks */,
				B582B59415342E0800E255B0 /* SenTestingKit.framework in Frameworks */,
			);
			runOnlyForDeploymentPostprocessing = 0;
		};
/* End PBXFrameworksBuildPhase section */

/* Begin PBXGroup section */
		8227AE001647083A00C3221B /* Scanner */ = {
			isa = PBXGroup;
			children = (
				B57DC6D81596574700CA0150 /* EMKUTF8StreamScanner.h */,
				B57DC6D91596574700CA0150 /* EMKUTF8StreamScanner.m */,
				B5FF63F9159629A900FAC317 /* EMKToken.h */,
				B5FF63FA159629A900FAC317 /* EMKToken.m */,
			);
			name = Scanner;
			sourceTree = "<group>";
		};
		B5228387152F32410025AB02 = {
			isa = PBXGroup;
			children = (
				B582B5A915342EB200E255B0 /* EMKRONSerialization */,
				B582B5AC15342EB200E255B0 /* ron */,
				B582B59B15342E0800E255B0 /* RONTest */,
				B584F61D15556FB800BD0198 /* Frameworks */,
				B5228393152F32420025AB02 /* Products */,
				B582B5B215342FFC00E255B0 /* readme */,
				B582B5B315342FFC00E255B0 /* Grammar.txt */,
				B582B5B415342FFD00E255B0 /* license.txt */,
				B5CF0CAC1542D641003491D6 /* TODO.txt */,
			);
			sourceTree = "<group>";
		};
		B5228393152F32420025AB02 /* Products */ = {
			isa = PBXGroup;
			children = (
				B5228392152F32420025AB02 /* RON */,
				B582B59215342E0800E255B0 /* RONTest.octest */,
			);
			name = Products;
			sourceTree = "<group>";
		};
		B5228395152F32420025AB02 /* Frameworks */ = {
			isa = PBXGroup;
			children = (
				B582B59315342E0800E255B0 /* SenTestingKit.framework */,
			);
			name = Frameworks;
			path = ..;
			sourceTree = "<group>";
		};
		B582B59B15342E0800E255B0 /* RONTest */ = {
			isa = PBXGroup;
			children = (
				B582B5A115342E0800E255B0 /* RONTest.h */,
				B582B5A215342E0800E255B0 /* RONTest.m */,
				B5E166CF15A59884006E6A1C /* EMKUTF8StreamScannerTest.h */,
				B5E166D015A59884006E6A1C /* EMKUTF8StreamScannerTest.m */,
				82B14FA0165A30BD00C7365F /* RON test corpus */,
				B582B5B51534301800E255B0 /* JSON test corpus */,
				B5228395152F32420025AB02 /* Frameworks */,
				B582B59C15342E0800E255B0 /* Supporting Files */,
			);
			path = RONTest;
			sourceTree = "<group>";
		};
		B582B59C15342E0800E255B0 /* Supporting Files */ = {
			isa = PBXGroup;
			children = (
				B582B59D15342E0800E255B0 /* RONTest-Info.plist */,
				B582B59E15342E0800E255B0 /* InfoPlist.strings */,
				B582B5A415342E0800E255B0 /* RONTest-Prefix.pch */,
			);
			name = "Supporting Files";
			sourceTree = "<group>";
		};
		B582B5A915342EB200E255B0 /* EMKRONSerialization */ = {
			isa = PBXGroup;
			children = (
				B56C0BC91594A40A002AB0C3 /* EMKRONConstants.h */,
				82C3446C1647D63000268992 /* EMKRONConstants.m */,
				B582B5AA15342EB200E255B0 /* EMKRONSerialization.h */,
				B582B5AB15342EB200E255B0 /* EMKRONSerialization.m */,
				82C344671647BF7E00268992 /* EMKRONTokensAndTypes.h */,
				B5BDE1FC15A85677009F5C99 /* EMKUTF8StreamScanner+RONTokenizer.h */,
				B5BDE1FD15A85677009F5C99 /* EMKUTF8StreamScanner+RONTokenizer.m */,
				B56C0BBF1594A268002AB0C3 /* EMKRONStreamParser.h */,
				B56C0BC01594A268002AB0C3 /* EMKRONStreamParser.m */,
				B56C0BC31594A2BC002AB0C3 /* EMKRONStreamWriter.h */,
				B56C0BC41594A2BC002AB0C3 /* EMKRONStreamWriter.m */,
				8227AE001647083A00C3221B /* Scanner */,
			);
			path = EMKRONSerialization;
			sourceTree = "<group>";
		};
		B582B5AC15342EB200E255B0 /* ron */ = {
			isa = PBXGroup;
			children = (
				B582B5AD15342EB200E255B0 /* main.m */,
				B5228396152F32420025AB02 /* Foundation.framework */,
			);
			path = ron;
			sourceTree = "<group>";
		};
		B584F61D15556FB800BD0198 /* Frameworks */ = {
			isa = PBXGroup;
			children = (
				B584F61E15556FB800BD0198 /* Foundation.framework */,
			);
			name = Frameworks;
			sourceTree = "<group>";
		};
/* End PBXGroup section */

/* Begin PBXNativeTarget section */
		B5228391152F32420025AB02 /* ron */ = {
			isa = PBXNativeTarget;
			buildConfigurationList = B52283A1152F32420025AB02 /* Build configuration list for PBXNativeTarget "ron" */;
			buildPhases = (
				B522838E152F32420025AB02 /* Sources */,
				B522838F152F32420025AB02 /* Frameworks */,
				B5228390152F32420025AB02 /* CopyFiles */,
			);
			buildRules = (
			);
			dependencies = (
			);
			name = ron;
			productName = Benson;
			productReference = B5228392152F32420025AB02 /* RON */;
			productType = "com.apple.product-type.tool";
		};
		B582B59115342E0800E255B0 /* RONTest */ = {
			isa = PBXNativeTarget;
			buildConfigurationList = B582B5A715342E0800E255B0 /* Build configuration list for PBXNativeTarget "RONTest" */;
			buildPhases = (
				B582B58D15342E0800E255B0 /* Sources */,
				B582B58E15342E0800E255B0 /* Frameworks */,
				B582B58F15342E0800E255B0 /* Resources */,
				B582B59015342E0800E255B0 /* ShellScript */,
			);
			buildRules = (
			);
			dependencies = (
			);
			name = RONTest;
			productName = RONTest;
			productReference = B582B59215342E0800E255B0 /* RONTest.octest */;
			productType = "com.apple.product-type.bundle";
		};
/* End PBXNativeTarget section */

/* Begin PBXProject section */
		B5228389152F32410025AB02 /* Project object */ = {
			isa = PBXProject;
			attributes = {
				CLASSPREFIX = EMK;
				LastUpgradeCheck = 0450;
				ORGANIZATIONNAME = "Benedict Cohen";
			};
			buildConfigurationList = B522838C152F32410025AB02 /* Build configuration list for PBXProject "RON" */;
			compatibilityVersion = "Xcode 3.2";
			developmentRegion = English;
			hasScannedForEncodings = 0;
			knownRegions = (
				en,
			);
			mainGroup = B5228387152F32410025AB02;
			productRefGroup = B5228393152F32420025AB02 /* Products */;
			projectDirPath = "";
			projectRoot = "";
			targets = (
				B5228391152F32420025AB02 /* ron */,
				B582B59115342E0800E255B0 /* RONTest */,
			);
		};
/* End PBXProject section */

/* Begin PBXResourcesBuildPhase section */
		B582B58F15342E0800E255B0 /* Resources */ = {
			isa = PBXResourcesBuildPhase;
			buildActionMask = 2147483647;
			files = (
				B582B5A015342E0800E255B0 /* InfoPlist.strings in Resources */,
				82B14FA1165A30BD00C7365F /* RON test corpus in Resources */,
			);
			runOnlyForDeploymentPostprocessing = 0;
		};
/* End PBXResourcesBuildPhase section */

/* Begin PBXShellScriptBuildPhase section */
		B582B59015342E0800E255B0 /* ShellScript */ = {
			isa = PBXShellScriptBuildPhase;
			buildActionMask = 2147483647;
			files = (
			);
			inputPaths = (
			);
			outputPaths = (
			);
			runOnlyForDeploymentPostprocessing = 0;
			shellPath = /bin/sh;
			shellScript = "# Run the unit tests in this test bundle.\n\"${SYSTEM_DEVELOPER_DIR}/Tools/RunUnitTests\"\n";
		};
/* End PBXShellScriptBuildPhase section */

/* Begin PBXSourcesBuildPhase section */
		B522838E152F32420025AB02 /* Sources */ = {
			isa = PBXSourcesBuildPhase;
			buildActionMask = 2147483647;
			files = (
				B582B5AE15342EB200E255B0 /* EMKRONSerialization.m in Sources */,
				B582B5AF15342EB200E255B0 /* main.m in Sources */,
				B56C0BC11594A268002AB0C3 /* EMKRONStreamParser.m in Sources */,
				B56C0BC51594A2BC002AB0C3 /* EMKRONStreamWriter.m in Sources */,
				B5FF63FB159629A900FAC317 /* EMKToken.m in Sources */,
				B57DC6DA1596574700CA0150 /* EMKUTF8StreamScanner.m in Sources */,
				B5BDE1FE15A85677009F5C99 /* EMKUTF8StreamScanner+RONTokenizer.m in Sources */,
				82C3446D1647D63000268992 /* EMKRONConstants.m in Sources */,
			);
			runOnlyForDeploymentPostprocessing = 0;
		};
		B582B58D15342E0800E255B0 /* Sources */ = {
			isa = PBXSourcesBuildPhase;
			buildActionMask = 2147483647;
			files = (
				B56C0BCA1594A622002AB0C3 /* EMKRONStreamParser.m in Sources */,
				B56C0BCB1594A622002AB0C3 /* EMKRONStreamWriter.m in Sources */,
				B582B5A315342E0800E255B0 /* RONTest.m in Sources */,
				B582B5B115342FD000E255B0 /* EMKRONSerialization.m in Sources */,
				B5534C0A15987D59005A3DB2 /* EMKToken.m in Sources */,
				B5534C0B15987D59005A3DB2 /* EMKUTF8StreamScanner.m in Sources */,
				B5E166D115A59884006E6A1C /* EMKUTF8StreamScannerTest.m in Sources */,
				B5BDE1FF15A85677009F5C99 /* EMKUTF8StreamScanner+RONTokenizer.m in Sources */,
				821BB292164A720500C3F1A6 /* EMKRONConstants.m in Sources */,
			);
			runOnlyForDeploymentPostprocessing = 0;
		};
/* End PBXSourcesBuildPhase section */

/* Begin PBXVariantGroup section */
		B582B59E15342E0800E255B0 /* InfoPlist.strings */ = {
			isa = PBXVariantGroup;
			children = (
				B582B59F15342E0800E255B0 /* en */,
			);
			name = InfoPlist.strings;
			sourceTree = "<group>";
		};
/* End PBXVariantGroup section */

/* Begin XCBuildConfiguration section */
		B522839F152F32420025AB02 /* Debug */ = {
			isa = XCBuildConfiguration;
			buildSettings = {
				ALWAYS_SEARCH_USER_PATHS = NO;
				ARCHS = "$(ARCHS_STANDARD_64_BIT)";
				CLANG_ENABLE_OBJC_ARC = YES;
				COPY_PHASE_STRIP = NO;
				GCC_C_LANGUAGE_STANDARD = gnu99;
				GCC_DYNAMIC_NO_PIC = NO;
				GCC_ENABLE_OBJC_EXCEPTIONS = YES;
				GCC_OPTIMIZATION_LEVEL = 0;
				GCC_PREPROCESSOR_DEFINITIONS = (
					"DEBUG=1",
					"$(inherited)",
				);
				GCC_SYMBOLS_PRIVATE_EXTERN = NO;
				GCC_VERSION = com.apple.compilers.llvm.clang.1_0;
				GCC_WARN_64_TO_32_BIT_CONVERSION = YES;
				GCC_WARN_ABOUT_RETURN_TYPE = YES;
				GCC_WARN_UNINITIALIZED_AUTOS = YES;
				GCC_WARN_UNUSED_VARIABLE = YES;
				MACOSX_DEPLOYMENT_TARGET = 10.7;
				ONLY_ACTIVE_ARCH = YES;
				SDKROOT = macosx;
			};
			name = Debug;
		};
		B52283A0152F32420025AB02 /* Release */ = {
			isa = XCBuildConfiguration;
			buildSettings = {
				ALWAYS_SEARCH_USER_PATHS = NO;
				ARCHS = "$(ARCHS_STANDARD_64_BIT)";
				CLANG_ENABLE_OBJC_ARC = YES;
				COPY_PHASE_STRIP = YES;
				DEBUG_INFORMATION_FORMAT = "dwarf-with-dsym";
				GCC_C_LANGUAGE_STANDARD = gnu99;
				GCC_ENABLE_OBJC_EXCEPTIONS = YES;
				GCC_VERSION = com.apple.compilers.llvm.clang.1_0;
				GCC_WARN_64_TO_32_BIT_CONVERSION = YES;
				GCC_WARN_ABOUT_RETURN_TYPE = YES;
				GCC_WARN_UNINITIALIZED_AUTOS = YES;
				GCC_WARN_UNUSED_VARIABLE = YES;
				MACOSX_DEPLOYMENT_TARGET = 10.7;
				SDKROOT = macosx;
			};
			name = Release;
		};
		B52283A2152F32420025AB02 /* Debug */ = {
			isa = XCBuildConfiguration;
			buildSettings = {
				PRODUCT_NAME = RON;
			};
			name = Debug;
		};
		B52283A3152F32420025AB02 /* Release */ = {
			isa = XCBuildConfiguration;
			buildSettings = {
				PRODUCT_NAME = RON;
			};
			name = Release;
		};
		B582B5A515342E0800E255B0 /* Debug */ = {
			isa = XCBuildConfiguration;
			buildSettings = {
				COMBINE_HIDPI_IMAGES = YES;
				FRAMEWORK_SEARCH_PATHS = "$(DEVELOPER_LIBRARY_DIR)/Frameworks";
				GCC_PRECOMPILE_PREFIX_HEADER = YES;
				GCC_PREFIX_HEADER = "RONTest/RONTest-Prefix.pch";
				INFOPLIST_FILE = "RONTest/RONTest-Info.plist";
				PRODUCT_NAME = "$(TARGET_NAME)";
				WRAPPER_EXTENSION = octest;
			};
			name = Debug;
		};
		B582B5A615342E0800E255B0 /* Release */ = {
			isa = XCBuildConfiguration;
			buildSettings = {
				COMBINE_HIDPI_IMAGES = YES;
				FRAMEWORK_SEARCH_PATHS = "$(DEVELOPER_LIBRARY_DIR)/Frameworks";
				GCC_PRECOMPILE_PREFIX_HEADER = YES;
				GCC_PREFIX_HEADER = "RONTest/RONTest-Prefix.pch";
				INFOPLIST_FILE = "RONTest/RONTest-Info.plist";
				PRODUCT_NAME = "$(TARGET_NAME)";
				WRAPPER_EXTENSION = octest;
			};
			name = Release;
		};
/* End XCBuildConfiguration section */

/* Begin XCConfigurationList section */
		B522838C152F32410025AB02 /* Build configuration list for PBXProject "RON" */ = {
			isa = XCConfigurationList;
			buildConfigurations = (
				B522839F152F32420025AB02 /* Debug */,
				B52283A0152F32420025AB02 /* Release */,
			);
			defaultConfigurationIsVisible = 0;
			defaultConfigurationName = Release;
		};
		B52283A1152F32420025AB02 /* Build configuration list for PBXNativeTarget "ron" */ = {
			isa = XCConfigurationList;
			buildConfigurations = (
				B52283A2152F32420025AB02 /* Debug */,
				B52283A3152F32420025AB02 /* Release */,
			);
			defaultConfigurationIsVisible = 0;
			defaultConfigurationName = Release;
		};
		B582B5A715342E0800E255B0 /* Build configuration list for PBXNativeTarget "RONTest" */ = {
			isa = XCConfigurationList;
			buildConfigurations = (
				B582B5A515342E0800E255B0 /* Debug */,
				B582B5A615342E0800E255B0 /* Release */,
			);
			defaultConfigurationIsVisible = 0;
			defaultConfigurationName = Release;
		};
/* End XCConfigurationList section */
	};
	rootObject = B5228389152F32410025AB02 /* Project object */;
}
